github.com/pierrec/lz4/v4 v4.1.22 h1:cKFw6uJDK+/gfw5BcDL0JL5aBsAFdsIT18eRtLj7VIU=
github.com/pierrec/lz4/v4 v4.1.22/go.mod h1:gZWDp/Ze/IJXGXf23ltt2EXimqmTUXEy0GFuRQyBid4=
github.com/samuelyuan/polytopiamapmodelgo v0.0.0-20241222213447-1a564bac7677 h1:9jMQeWytHabsyxNx2M8jY/3y9jGN7YnqiogvbPfHkkk=
github.com/samuelyuan/polytopiamapmodelgo v0.0.0-20241222213447-1a564bac7677/go.mod h1:Qtj153LGxD7knRy8QatffCjz2NUyX38jJlU2HwI3JGo=
golang.org/x/text v0.20.0 h1:gK/Kv2otX8gz+wn7Rmb3vT96ZwuoxnQlY+HlJVj7Qug=
golang.org/x/text v0.20.0/go.mod h1:D4IsuqiFMhST5bX19pQ9ikHC2GsaKyk/oF+pn3ducp4=
